{
  "originHash" : "e39cc886c0810c8fa5095c334cc19e8da7dcceb152f57c8894f264c9cf105ae2",
  "pins" : [
    {
      "identity" : "argmax-oss-swift",
      "kind" : "remoteSourceControl",
      "location" : "https://github.com/argmaxinc/argmax-oss-swift",
      "state" : {
        "revision" : "1e2a163736dfa5a198e637ae44c114e1c6d5cc2d"
      }
    },
    {
      "identity" : "swift-argument-parser",
      "kind" : "remoteSourceControl",
      "location" : "https://github.com/apple/swift-argument-parser.git",
      "state" : {
        "revision" : "6a52f3251125d74daf04fcbd5e6f08a75d074382",
        "version" : "1.8.2"
      }
    }
  ],
  "version" : 3
}
